version = 1
revision = 2
requires-python = ">=3.13"
resolution-markers = [
    "python_full_version >= '3.14'",
    "python_full_version < '3.14'",
]

[[package]]
name = "argon2-cffi"
version = "25.1.0"
source = { registry = "https://pypi.org/simple" }
dependencies = [
    { name = "argon2-cffi-bindings", version = "21.2.0", source = { registry = "https://pypi.org/simple" }, marker = "python_full_version >= '3.14'" },
    { name = "argon2-cffi-bindings", version = "25.1.0", source = { registry = "https://pypi.org/simple" }, marker = "python_full_version < '3.14'" },
]
sdist = { url = "https://files.pythonhosted.org/packages/0e/89/ce5af8a7d472a67cc819d5d998aa8c82c5d860608c4db9f46f1162d7dab9/argon2_cffi-25.1.0.tar.gz", hash = "sha256:694ae5cc8a42f4c4e2bf2ca0e64e51e23a040c6a517a85074683d3959e1346c1", size = 45706, upload-time = "2025-06-03T06:55:32.073Z" }
wheels = [
    { url = "https://files.pythonhosted.org/packages/4f/d3/a8b22fa575b297cd6e3e3b0155c7e25db170edf1c74783d6a31a2490b8d9/argon2_cffi-25.1.0-py3-none-any.whl", hash = "sha256:fdc8b074db390fccb6eb4a3604ae7231f219aa669a2652e0f20e16ba513d5741", size = 14657, upload-time = "2025-06-03T06:55:30.804Z" },
]

[[package]]
name = "argon2-cffi-bindings"
version = "21.2.0"
source = { registry = "https://pypi.org/simple" }
resolution-markers = [
    "python_full_version >= '3.14'",
]
dependencies = [
    { name = "cffi", marker = "python_full_version >= '3.14'" },
]
sdist = { url = "https://files.pythonhosted.org/packages/b9/e9/184b8ccce6683b0aa2fbb7ba5683ea4b9c5763f1356347f1312c32e3c66e/argon2-cffi-bindings-21.2.0.tar.gz", hash = "sha256:bb89ceffa6c791807d1305ceb77dbfacc5aa499891d2c55661c6459651fc39e3", size = 1779911, upload-time = "2021-12-01T08:52:55.68Z" }
wheels = [
    { url = "https://files.pythonhosted.org/packages/d4/13/838ce2620025e9666aa8f686431f67a29052241692a3dd1ae9d3692a89d3/argon2_cffi_bindings-21.2.0-cp36-abi3-macosx_10_9_x86_64.whl", hash = "sha256:ccb949252cb2ab3a08c02024acb77cfb179492d5701c7cbdbfd776124d4d2367", size = 29658, upload-time = "2021-12-01T09:09:17.016Z" },
    { url = "https://files.pythonhosted.org/packages/b3/02/f7f7bb6b6af6031edb11037639c697b912e1dea2db94d436e681aea2f495/argon2_cffi_bindings-21.2.0-cp36-abi3-manylinux_2_17_aarch64.manylinux2014_aarch64.whl", hash = "sha256:9524464572e12979364b7d600abf96181d3541da11e23ddf565a32e70bd4dc0d", size = 80583, upload-time = "2021-12-01T09:09:19.546Z" },
    { url = "https://files.pythonhosted.org/packages/ec/f7/378254e6dd7ae6f31fe40c8649eea7d4832a42243acaf0f1fff9083b2bed/argon2_cffi_bindings-21.2.0-cp36-abi3-manylinux_2_17_x86_64.manylinux2014_x86_64.whl", hash = "sha256:b746dba803a79238e925d9046a63aa26bf86ab2a2fe74ce6b009a1c3f5c8f2ae", size = 86168, upload-time = "2021-12-01T09:09:21.445Z" },
    { url = "https://files.pythonhosted.org/packages/74/f6/4a34a37a98311ed73bb80efe422fed95f2ac25a4cacc5ae1d7ae6a144505/argon2_cffi_bindings-21.2.0-cp36-abi3-manylinux_2_5_i686.manylinux1_i686.manylinux_2_17_i686.manylinux2014_i686.whl", hash = "sha256:58ed19212051f49a523abb1dbe954337dc82d947fb6e5a0da60f7c8471a8476c", size = 82709, upload-time = "2021-12-01T09:09:18.182Z" },
    { url = "https://files.pythonhosted.org/packages/74/2b/73d767bfdaab25484f7e7901379d5f8793cccbb86c6e0cbc4c1b96f63896/argon2_cffi_bindings-21.2.0-cp36-abi3-musllinux_1_1_aarch64.whl", hash = "sha256:bd46088725ef7f58b5a1ef7ca06647ebaf0eb4baff7d1d0d177c6cc8744abd86", size = 83613, upload-time = "2021-12-01T09:09:22.741Z" },
    { url = "https://files.pythonhosted.org/packages/4f/fd/37f86deef67ff57c76f137a67181949c2d408077e2e3dd70c6c42912c9bf/argon2_cffi_bindings-21.2.0-cp36-abi3-musllinux_1_1_i686.whl", hash = "sha256:8cd69c07dd875537a824deec19f978e0f2078fdda07fd5c42ac29668dda5f40f", size = 84583, upload-time = "2021-12-01T09:09:24.177Z" },
    { url = "https://files.pythonhosted.org/packages/6f/52/5a60085a3dae8fded8327a4f564223029f5f54b0cb0455a31131b5363a01/argon2_cffi_bindings-21.2.0-cp36-abi3-musllinux_1_1_x86_64.whl", hash = "sha256:f1152ac548bd5b8bcecfb0b0371f082037e47128653df2e8ba6e914d384f3c3e", size = 88475, upload-time = "2021-12-01T09:09:26.673Z" },
    { url = "https://files.pythonhosted.org/packages/8b/95/143cd64feb24a15fa4b189a3e1e7efbaeeb00f39a51e99b26fc62fbacabd/argon2_cffi_bindings-21.2.0-cp36-abi3-win32.whl", hash = "sha256:603ca0aba86b1349b147cab91ae970c63118a0f30444d4bc80355937c950c082", size = 27698, upload-time = "2021-12-01T09:09:27.87Z" },
    { url = "https://files.pythonhosted.org/packages/37/2c/e34e47c7dee97ba6f01a6203e0383e15b60fb85d78ac9a15cd066f6fe28b/argon2_cffi_bindings-21.2.0-cp36-abi3-win_amd64.whl", hash = "sha256:b2ef1c30440dbbcba7a5dc3e319408b59676e2e039e2ae11a8775ecf482b192f", size = 30817, upload-time = "2021-12-01T09:09:30.267Z" },
    { url = "https://files.pythonhosted.org/packages/5a/e4/bf8034d25edaa495da3c8a3405627d2e35758e44ff6eaa7948092646fdcc/argon2_cffi_bindings-21.2.0-cp38-abi3-macosx_10_9_universal2.whl", hash = "sha256:e415e3f62c8d124ee16018e491a009937f8cf7ebf5eb430ffc5de21b900dad93", size = 53104, upload-time = "2021-12-01T09:09:31.335Z" },
]

[[package]]
name = "argon2-cffi-bindings"
version = "25.1.0"
source = { registry = "https://pypi.org/simple" }
resolution-markers = [
    "python_full_version < '3.14'",
]
dependencies = [
    { name = "cffi", marker = "python_full_version < '3.14'" },
]
sdist = { url = "https://files.pythonhosted.org/packages/5c/2d/db8af0df73c1cf454f71b2bbe5e356b8c1f8041c979f505b3d3186e520a9/argon2_cffi_bindings-25.1.0.tar.gz", hash = "sha256:b957f3e6ea4d55d820e40ff76f450952807013d361a65d7f28acc0acbf29229d", size = 1783441, upload-time = "2025-07-30T10:02:05.147Z" }
wheels = [
    { url = "https://files.pythonhosted.org/packages/60/97/3c0a35f46e52108d4707c44b95cfe2afcafc50800b5450c197454569b776/argon2_cffi_bindings-25.1.0-cp314-cp314t-macosx_10_13_universal2.whl", hash = "sha256:3d3f05610594151994ca9ccb3c771115bdb4daef161976a266f0dd8aa9996b8f", size = 54393, upload-time = "2025-07-30T10:01:40.97Z" },
    { url = "https://files.pythonhosted.org/packages/9d/f4/98bbd6ee89febd4f212696f13c03ca302b8552e7dbf9c8efa11ea4a388c3/argon2_cffi_bindings-25.1.0-cp314-cp314t-macosx_10_13_x86_64.whl", hash = "sha256:8b8efee945193e667a396cbc7b4fb7d357297d6234d30a489905d96caabde56b", size = 29328, upload-time = "2025-07-30T10:01:41.916Z" },
    { url = "https://files.pythonhosted.org/packages/43/24/90a01c0ef12ac91a6be05969f29944643bc1e5e461155ae6559befa8f00b/argon2_cffi_bindings-25.1.0-cp314-cp314t-macosx_11_0_arm64.whl", hash = "sha256:3c6702abc36bf3ccba3f802b799505def420a1b7039862014a65db3205967f5a", size = 31269, upload-time = "2025-07-30T10:01:42.716Z" },
    { url = "https://files.pythonhosted.org/packages/d4/d3/942aa10782b2697eee7af5e12eeff5ebb325ccfb86dd8abda54174e377e4/argon2_cffi_bindings-25.1.0-cp314-cp314t-manylinux_2_26_aarch64.manylinux_2_28_aarch64.whl", hash = "sha256:a1c70058c6ab1e352304ac7e3b52554daadacd8d453c1752e547c76e9c99ac44", size = 86558, upload-time = "2025-07-30T10:01:43.943Z" },
    { url = "https://files.pythonhosted.org/packages/0d/82/b484f702fec5536e71836fc2dbc8c5267b3f6e78d2d539b4eaa6f0db8bf8/argon2_cffi_bindings-25.1.0-cp314-cp314t-manylinux_2_26_x86_64.manylinux_2_28_x86_64.whl", hash = "sha256:e2fd3bfbff3c5d74fef31a722f729bf93500910db650c925c2d6ef879a7e51cb", size = 92364, upload-time = "2025-07-30T10:01:44.887Z" },
    { url = "https://files.pythonhosted.org/packages/c9/c1/a606ff83b3f1735f3759ad0f2cd9e038a0ad11a3de3b6c673aa41c24bb7b/argon2_cffi_bindings-25.1.0-cp314-cp314t-musllinux_1_2_aarch64.whl", hash = "sha256:c4f9665de60b1b0e99bcd6be4f17d90339698ce954cfd8d9cf4f91c995165a92", size = 85637, upload-time = "2025-07-30T10:01:46.225Z" },
    { url = "https://files.pythonhosted.org/packages/44/b4/678503f12aceb0262f84fa201f6027ed77d71c5019ae03b399b97caa2f19/argon2_cffi_bindings-25.1.0-cp314-cp314t-musllinux_1_2_x86_64.whl", hash = "sha256:ba92837e4a9aa6a508c8d2d7883ed5a8f6c308c89a4790e1e447a220deb79a85", size = 91934, upload-time = "2025-07-30T10:01:47.203Z" },
    { url = "https://files.pythonhosted.org/packages/f0/c7/f36bd08ef9bd9f0a9cff9428406651f5937ce27b6c5b07b92d41f91ae541/argon2_cffi_bindings-25.1.0-cp314-cp314t-win32.whl", hash = "sha256:84a461d4d84ae1295871329b346a97f68eade8c53b6ed9a7ca2d7467f3c8ff6f", size = 28158, upload-time = "2025-07-30T10:01:48.341Z" },
    { url = "https://files.pythonhosted.org/packages/b3/80/0106a7448abb24a2c467bf7d527fe5413b7fdfa4ad6d6a96a43a62ef3988/argon2_cffi_bindings-25.1.0-cp314-cp314t-win_amd64.whl", hash = "sha256:b55aec3565b65f56455eebc9b9f34130440404f27fe21c3b375bf1ea4d8fbae6", size = 32597, upload-time = "2025-07-30T10:01:49.112Z" },
    { url = "https://files.pythonhosted.org/packages/05/b8/d663c9caea07e9180b2cb662772865230715cbd573ba3b5e81793d580316/argon2_cffi_bindings-25.1.0-cp314-cp314t-win_arm64.whl", hash = "sha256:87c33a52407e4c41f3b70a9c2d3f6056d88b10dad7695be708c5021673f55623", size = 28231, upload-time = "2025-07-30T10:01:49.92Z" },
    { url = "https://files.pythonhosted.org/packages/1d/57/96b8b9f93166147826da5f90376e784a10582dd39a393c99bb62cfcf52f0/argon2_cffi_bindings-25.1.0-cp39-abi3-macosx_10_9_universal2.whl", hash = "sha256:aecba1723ae35330a008418a91ea6cfcedf6d31e5fbaa056a166462ff066d500", size = 54121, upload-time = "2025-07-30T10:01:50.815Z" },
    { url = "https://files.pythonhosted.org/packages/0a/08/a9bebdb2e0e602dde230bdde8021b29f71f7841bd54801bcfd514acb5dcf/argon2_cffi_bindings-25.1.0-cp39-abi3-macosx_10_9_x86_64.whl", hash = "sha256:2630b6240b495dfab90aebe159ff784d08ea999aa4b0d17efa734055a07d2f44", size = 29177, upload-time = "2025-07-30T10:01:51.681Z" },
    { url = "https://files.pythonhosted.org/packages/b6/02/d297943bcacf05e4f2a94ab6f462831dc20158614e5d067c35d4e63b9acb/argon2_cffi_bindings-25.1.0-cp39-abi3-macosx_11_0_arm64.whl", hash = "sha256:7aef0c91e2c0fbca6fc68e7555aa60ef7008a739cbe045541e438373bc54d2b0", size = 31090, upload-time = "2025-07-30T10:01:53.184Z" },
    { url = "https://files.pythonhosted.org/packages/c1/93/44365f3d75053e53893ec6d733e4a5e3147502663554b4d864587c7828a7/argon2_cffi_bindings-25.1.0-cp39-abi3-manylinux_2_26_aarch64.manylinux_2_28_aarch64.whl", hash = "sha256:1e021e87faa76ae0d413b619fe2b65ab9a037f24c60a1e6cc43457ae20de6dc6", size = 81246, upload-time = "2025-07-30T10:01:54.145Z" },
    { url = "https://files.pythonhosted.org/packages/09/52/94108adfdd6e2ddf58be64f959a0b9c7d4ef2fa71086c38356d22dc501ea/argon2_cffi_bindings-25.1.0-cp39-abi3-manylinux_2_26_x86_64.manylinux_2_28_x86_64.whl", hash = "sha256:d3e924cfc503018a714f94a49a149fdc0b644eaead5d1f089330399134fa028a", size = 87126, upload-time = "2025-07-30T10:01:55.074Z" },
    { url = "https://files.pythonhosted.org/packages/72/70/7a2993a12b0ffa2a9271259b79cc616e2389ed1a4d93842fac5a1f923ffd/argon2_cffi_bindings-25.1.0-cp39-abi3-musllinux_1_2_aarch64.whl", hash = "sha256:c87b72589133f0346a1cb8d5ecca4b933e3c9b64656c9d175270a000e73b288d", size = 80343, upload-time = "2025-07-30T10:01:56.007Z" },
    { url = "https://files.pythonhosted.org/packages/78/9a/4e5157d893ffc712b74dbd868c7f62365618266982b64accab26bab01edc/argon2_cffi_bindings-25.1.0-cp39-abi3-musllinux_1_2_x86_64.whl", hash = "sha256:1db89609c06afa1a214a69a462ea741cf735b29a57530478c06eb81dd403de99", size = 86777, upload-time = "2025-07-30T10:01:56.943Z" },
    { url = "https://files.pythonhosted.org/packages/74/cd/15777dfde1c29d96de7f18edf4cc94c385646852e7c7b0320aa91ccca583/argon2_cffi_bindings-25.1.0-cp39-abi3-win32.whl", hash = "sha256:473bcb5f82924b1becbb637b63303ec8d10e84c8d241119419897a26116515d2", size = 27180, upload-time = "2025-07-30T10:01:57.759Z" },
    { url = "https://files.pythonhosted.org/packages/e2/c6/a759ece8f1829d1f162261226fbfd2c6832b3ff7657384045286d2afa384/argon2_cffi_bindings-25.1.0-cp39-abi3-win_amd64.whl", hash = "sha256:a98cd7d17e9f7ce244c0803cad3c23a7d379c301ba618a5fa76a67d116618b98", size = 31715, upload-time = "2025-07-30T10:01:58.56Z" },
    { url = "https://files.pythonhosted.org/packages/42/b9/f8d6fa329ab25128b7e98fd83a3cb34d9db5b059a9847eddb840a0af45dd/argon2_cffi_bindings-25.1.0-cp39-abi3-win_arm64.whl", hash = "sha256:b0fdbcf513833809c882823f98dc2f931cf659d9a1429616ac3adebb49f5db94", size = 27149, upload-time = "2025-07-30T10:01:59.329Z" },
]

[[package]]
name = "bcrypt"
version = "4.3.0"
source = { registry = "https://pypi.org/simple" }
sdist = { url = "https://files.pythonhosted.org/packages/bb/5d/6d7433e0f3cd46ce0b43cd65e1db465ea024dbb8216fb2404e919c2ad77b/bcrypt-4.3.0.tar.gz", hash = "sha256:3a3fd2204178b6d2adcf09cb4f6426ffef54762577a7c9b54c159008cb288c18", size = 25697, upload-time = "2025-02-28T01:24:09.174Z" }
wheels = [
    { url = "https://files.pythonhosted.org/packages/bf/2c/3d44e853d1fe969d229bd58d39ae6902b3d924af0e2b5a60d17d4b809ded/bcrypt-4.3.0-cp313-cp313t-macosx_10_12_universal2.whl", hash = "sha256:f01e060f14b6b57bbb72fc5b4a83ac21c443c9a2ee708e04a10e9192f90a6281", size = 483719, upload-time = "2025-02-28T01:22:34.539Z" },
    { url = "https://files.pythonhosted.org/packages/a1/e2/58ff6e2a22eca2e2cff5370ae56dba29d70b1ea6fc08ee9115c3ae367795/bcrypt-4.3.0-cp313-cp313t-manylinux_2_17_aarch64.manylinux2014_aarch64.whl", hash = "sha256:c5eeac541cefd0bb887a371ef73c62c3cd78535e4887b310626036a7c0a817bb", size = 272001, upload-time = "2025-02-28T01:22:38.078Z" },
    { url = "https://files.pythonhosted.org/packages/37/1f/c55ed8dbe994b1d088309e366749633c9eb90d139af3c0a50c102ba68a1a/bcrypt-4.3.0-cp313-cp313t-manylinux_2_17_x86_64.manylinux2014_x86_64.whl", hash = "sha256:59e1aa0e2cd871b08ca146ed08445038f42ff75968c7ae50d2fdd7860ade2180", size = 277451, upload-time = "2025-02-28T01:22:40.787Z" },
    { url = "https://files.pythonhosted.org/packages/d7/1c/794feb2ecf22fe73dcfb697ea7057f632061faceb7dcf0f155f3443b4d79/bcrypt-4.3.0-cp313-cp313t-manylinux_2_28_aarch64.whl", hash = "sha256:0042b2e342e9ae3d2ed22727c1262f76cc4f345683b5c1715f0250cf4277294f", size = 272792, upload-time = "2025-02-28T01:22:43.144Z" },
    { url = "https://files.pythonhosted.org/packages/13/b7/0b289506a3f3598c2ae2bdfa0ea66969812ed200264e3f61df77753eee6d/bcrypt-4.3.0-cp313-cp313t-manylinux_2_28_armv7l.manylinux_2_31_armv7l.whl", hash = "sha256:74a8d21a09f5e025a9a23e7c0fd2c7fe8e7503e4d356c0a2c1486ba010619f09", size = 289752, upload-time = "2025-02-28T01:22:45.56Z" },
    { url = "https://files.pythonhosted.org/packages/dc/24/d0fb023788afe9e83cc118895a9f6c57e1044e7e1672f045e46733421fe6/bcrypt-4.3.0-cp313-cp313t-manylinux_2_28_x86_64.whl", hash = "sha256:0142b2cb84a009f8452c8c5a33ace5e3dfec4159e7735f5afe9a4d50a8ea722d", size = 277762, upload-time = "2025-02-28T01:22:47.023Z" },
    { url = "https://files.pythonhosted.org/packages/e4/38/cde58089492e55ac4ef6c49fea7027600c84fd23f7520c62118c03b4625e/bcrypt-4.3.0-cp313-cp313t-manylinux_2_34_aarch64.whl", hash = "sha256:12fa6ce40cde3f0b899729dbd7d5e8811cb892d31b6f7d0334a1f37748b789fd", size = 272384, upload-time = "2025-02-28T01:22:49.221Z" },
    { url = "https://files.pythonhosted.org/packages/de/6a/d5026520843490cfc8135d03012a413e4532a400e471e6188b01b2de853f/bcrypt-4.3.0-cp313-cp313t-manylinux_2_34_x86_64.whl", hash = "sha256:5bd3cca1f2aa5dbcf39e2aa13dd094ea181f48959e1071265de49cc2b82525af", size = 277329, upload-time = "2025-02-28T01:22:51.603Z" },
    { url = "https://files.pythonhosted.org/packages/b3/a3/4fc5255e60486466c389e28c12579d2829b28a527360e9430b4041df4cf9/bcrypt-4.3.0-cp313-cp313t-musllinux_1_1_aarch64.whl", hash = "sha256:335a420cfd63fc5bc27308e929bee231c15c85cc4c496610ffb17923abf7f231", size = 305241, upload-time = "2025-02-28T01:22:53.283Z" },
    { url = "https://files.pythonhosted.org/packages/c7/15/2b37bc07d6ce27cc94e5b10fd5058900eb8fb11642300e932c8c82e25c4a/bcrypt-4.3.0-cp313-cp313t-musllinux_1_1_x86_64.whl", hash = "sha256:0e30e5e67aed0187a1764911af023043b4542e70a7461ad20e837e94d23e1d6c", size = 309617, upload-time = "2025-02-28T01:22:55.461Z" },
    { url = "https://files.pythonhosted.org/packages/5f/1f/99f65edb09e6c935232ba0430c8c13bb98cb3194b6d636e61d93fe60ac59/bcrypt-4.3.0-cp313-cp313t-musllinux_1_2_aarch64.whl", hash = "sha256:3b8d62290ebefd49ee0b3ce7500f5dbdcf13b81402c05f6dafab9a1e1b27212f", size = 335751, upload-time = "2025-02-28T01:22:57.81Z" },
    { url = "https://files.pythonhosted.org/packages/00/1b/b324030c706711c99769988fcb694b3cb23f247ad39a7823a78e361bdbb8/bcrypt-4.3.0-cp313-cp313t-musllinux_1_2_x86_64.whl", hash = "sha256:2ef6630e0ec01376f59a006dc72918b1bf436c3b571b80fa1968d775fa02fe7d", size = 355965, upload-time = "2025-02-28T01:22:59.181Z" },
    { url = "https://files.pythonhosted.org/packages/aa/dd/20372a0579dd915dfc3b1cd4943b3bca431866fcb1dfdfd7518c3caddea6/bcrypt-4.3.0-cp313-cp313t-win32.whl", hash = "sha256:7a4be4cbf241afee43f1c3969b9103a41b40bcb3a3f467ab19f891d9bc4642e4", size = 155316, upload-time = "2025-02-28T01:23:00.763Z" },
    { url = "https://files.pythonhosted.org/packages/6d/52/45d969fcff6b5577c2bf17098dc36269b4c02197d551371c023130c0f890/bcrypt-4.3.0-cp313-cp313t-win_amd64.whl", hash = "sha256:5c1949bf259a388863ced887c7861da1df681cb2388645766c89fdfd9004c669", size = 147752, upload-time = "2025-02-28T01:23:02.908Z" },
    { url = "https://files.pythonhosted.org/packages/11/22/5ada0b9af72b60cbc4c9a399fdde4af0feaa609d27eb0adc61607997a3fa/bcrypt-4.3.0-cp38-abi3-macosx_10_12_universal2.whl", hash = "sha256:f81b0ed2639568bf14749112298f9e4e2b28853dab50a8b357e31798686a036d", size = 498019, upload-time = "2025-02-28T01:23:05.838Z" },
    { url = "https://files.pythonhosted.org/packages/b8/8c/252a1edc598dc1ce57905be173328eda073083826955ee3c97c7ff5ba584/bcrypt-4.3.0-cp38-abi3-manylinux_2_17_aarch64.manylinux2014_aarch64.whl", hash = "sha256:864f8f19adbe13b7de11ba15d85d4a428c7e2f344bac110f667676a0ff84924b", size = 279174, upload-time = "2025-02-28T01:23:07.274Z" },
    { url = "https://files.pythonhosted.org/packages/29/5b/4547d5c49b85f0337c13929f2ccbe08b7283069eea3550a457914fc078aa/bcrypt-4.3.0-cp38-abi3-manylinux_2_17_x86_64.manylinux2014_x86_64.whl", hash = "sha256:3e36506d001e93bffe59754397572f21bb5dc7c83f54454c990c74a468cd589e", size = 283870, upload-time = "2025-02-28T01:23:09.151Z" },
    { url = "https://files.pythonhosted.org/packages/be/21/7dbaf3fa1745cb63f776bb046e481fbababd7d344c5324eab47f5ca92dd2/bcrypt-4.3.0-cp38-abi3-manylinux_2_28_aarch64.whl", hash = "sha256:842d08d75d9fe9fb94b18b071090220697f9f184d4547179b60734846461ed59", size = 279601, upload-time = "2025-02-28T01:23:11.461Z" },
    { url = "https://files.pythonhosted.org/packages/6d/64/e042fc8262e971347d9230d9abbe70d68b0a549acd8611c83cebd3eaec67/bcrypt-4.3.0-cp38-abi3-manylinux_2_28_armv7l.manylinux_2_31_armv7l.whl", hash = "sha256:7c03296b85cb87db865d91da79bf63d5609284fc0cab9472fdd8367bbd830753", size = 297660, upload-time = "2025-02-28T01:23:12.989Z" },
    { url = "https://files.pythonhosted.org/packages/50/b8/6294eb84a3fef3b67c69b4470fcdd5326676806bf2519cda79331ab3c3a9/bcrypt-4.3.0-cp38-abi3-manylinux_2_28_x86_64.whl", hash = "sha256:62f26585e8b219cdc909b6a0069efc5e4267e25d4a3770a364ac58024f62a761", size = 284083, upload-time = "2025-02-28T01:23:14.5Z" },
    { url = "https://files.pythonhosted.org/packages/62/e6/baff635a4f2c42e8788fe1b1633911c38551ecca9a749d1052d296329da6/bcrypt-4.3.0-cp38-abi3-manylinux_2_34_aarch64.whl", hash = "sha256:beeefe437218a65322fbd0069eb437e7c98137e08f22c4660ac2dc795c31f8bb", size = 279237, upload-time = "2025-02-28T01:23:16.686Z" },
    { url = "https://files.pythonhosted.org/packages/39/48/46f623f1b0c7dc2e5de0b8af5e6f5ac4cc26408ac33f3d424e5ad8da4a90/bcrypt-4.3.0-cp38-abi3-manylinux_2_34_x86_64.whl", hash = "sha256:97eea7408db3a5bcce4a55d13245ab3fa566e23b4c67cd227062bb49e26c585d", size = 283737, upload-time = "2025-02-28T01:23:18.897Z" },
    { url = "https://files.pythonhosted.org/packages/49/8b/70671c3ce9c0fca4a6cc3cc6ccbaa7e948875a2e62cbd146e04a4011899c/bcrypt-4.3.0-cp38-abi3-musllinux_1_1_aarch64.whl", hash = "sha256:191354ebfe305e84f344c5964c7cd5f924a3bfc5d405c75ad07f232b6dffb49f", size = 312741, upload-time = "2025-02-28T01:23:21.041Z" },
    { url = "https://files.pythonhosted.org/packages/27/fb/910d3a1caa2d249b6040a5caf9f9866c52114d51523ac2fb47578a27faee/bcrypt-4.3.0-cp38-abi3-musllinux_1_1_x86_64.whl", hash = "sha256:41261d64150858eeb5ff43c753c4b216991e0ae16614a308a15d909503617732", size = 316472, upload-time = "2025-02-28T01:23:23.183Z" },
    { url = "https://files.pythonhosted.org/packages/dc/cf/7cf3a05b66ce466cfb575dbbda39718d45a609daa78500f57fa9f36fa3c0/bcrypt-4.3.0-cp38-abi3-musllinux_1_2_aarch64.whl", hash = "sha256:33752b1ba962ee793fa2b6321404bf20011fe45b9afd2a842139de3011898fef", size = 343606, upload-time = "2025-02-28T01:23:25.361Z" },
    { url = "https://files.pythonhosted.org/packages/e3/b8/e970ecc6d7e355c0d892b7f733480f4aa8509f99b33e71550242cf0b7e63/bcrypt-4.3.0-cp38-abi3-musllinux_1_2_x86_64.whl", hash = "sha256:50e6e80a4bfd23a25f5c05b90167c19030cf9f87930f7cb2eacb99f45d1c3304", size = 362867, upload-time = "2025-02-28T01:23:26.875Z" },
    { url = "https://files.pythonhosted.org/packages/a9/97/8d3118efd8354c555a3422d544163f40d9f236be5b96c714086463f11699/bcrypt-4.3.0-cp38-abi3-win32.whl", hash = "sha256:67a561c4d9fb9465ec866177e7aebcad08fe23aaf6fbd692a6fab69088abfc51", size = 160589, upload-time = "2025-02-28T01:23:28.381Z" },
    { url = "https://files.pythonhosted.org/packages/29/07/416f0b99f7f3997c69815365babbc2e8754181a4b1899d921b3c7d5b6f12/bcrypt-4.3.0-cp38-abi3-win_amd64.whl", hash = "sha256:584027857bc2843772114717a7490a37f68da563b3620f78a849bcb54dc11e62", size = 152794, upload-time = "2025-02-28T01:23:30.187Z" },
    { url = "https://files.pythonhosted.org/packages/6e/c1/3fa0e9e4e0bfd3fd77eb8b52ec198fd6e1fd7e9402052e43f23483f956dd/bcrypt-4.3.0-cp39-abi3-macosx_10_12_universal2.whl", hash = "sha256:0d3efb1157edebfd9128e4e46e2ac1a64e0c1fe46fb023158a407c7892b0f8c3", size = 498969, upload-time = "2025-02-28T01:23:31.945Z" },
    { url = "https://files.pythonhosted.org/packages/ce/d4/755ce19b6743394787fbd7dff6bf271b27ee9b5912a97242e3caf125885b/bcrypt-4.3.0-cp39-abi3-manylinux_2_17_aarch64.manylinux2014_aarch64.whl", hash = "sha256:08bacc884fd302b611226c01014eca277d48f0a05187666bca23aac0dad6fe24", size = 279158, upload-time = "2025-02-28T01:23:34.161Z" },
    { url = "https://files.pythonhosted.org/packages/9b/5d/805ef1a749c965c46b28285dfb5cd272a7ed9fa971f970435a5133250182/bcrypt-4.3.0-cp39-abi3-manylinux_2_17_x86_64.manylinux2014_x86_64.whl", hash = "sha256:f6746e6fec103fcd509b96bacdfdaa2fbde9a553245dbada284435173a6f1aef", size = 284285, upload-time = "2025-02-28T01:23:35.765Z" },
    { url = "https://files.pythonhosted.org/packages/ab/2b/698580547a4a4988e415721b71eb45e80c879f0fb04a62da131f45987b96/bcrypt-4.3.0-cp39-abi3-manylinux_2_28_aarch64.whl", hash = "sha256:afe327968aaf13fc143a56a3360cb27d4ad0345e34da12c7290f1b00b8fe9a8b", size = 279583, upload-time = "2025-02-28T01:23:38.021Z" },
    { url = "https://files.pythonhosted.org/packages/f2/87/62e1e426418204db520f955ffd06f1efd389feca893dad7095bf35612eec/bcrypt-4.3.0-cp39-abi3-manylinux_2_28_armv7l.manylinux_2_31_armv7l.whl", hash = "sha256:d9af79d322e735b1fc33404b5765108ae0ff232d4b54666d46730f8ac1a43676", size = 297896, upload-time = "2025-02-28T01:23:39.575Z" },
    { url = "https://files.pythonhosted.org/packages/cb/c6/8fedca4c2ada1b6e889c52d2943b2f968d3427e5d65f595620ec4c06fa2f/bcrypt-4.3.0-cp39-abi3-manylinux_2_28_x86_64.whl", hash = "sha256:f1e3ffa1365e8702dc48c8b360fef8d7afeca482809c5e45e653af82ccd088c1", size = 284492, upload-time = "2025-02-28T01:23:40.901Z" },
    { url = "https://files.pythonhosted.org/packages/4d/4d/c43332dcaaddb7710a8ff5269fcccba97ed3c85987ddaa808db084267b9a/bcrypt-4.3.0-cp39-abi3-manylinux_2_34_aarch64.whl", hash = "sha256:3004df1b323d10021fda07a813fd33e0fd57bef0e9a480bb143877f6cba996fe", size = 279213, upload-time = "2025-02-28T01:23:42.653Z" },
    { url = "https://files.pythonhosted.org/packages/dc/7f/1e36379e169a7df3a14a1c160a49b7b918600a6008de43ff20d479e6f4b5/bcrypt-4.3.0-cp39-abi3-manylinux_2_34_x86_64.whl", hash = "sha256:531457e5c839d8caea9b589a1bcfe3756b0547d7814e9ce3d437f17da75c32b0", size = 284162, upload-time = "2025-02-28T01:23:43.964Z" },
    { url = "https://files.pythonhosted.org/packages/1c/0a/644b2731194b0d7646f3210dc4d80c7fee3ecb3a1f791a6e0ae6bb8684e3/bcrypt-4.3.0-cp39-abi3-musllinux_1_1_aarch64.whl", hash = "sha256:17a854d9a7a476a89dcef6c8bd119ad23e0f82557afbd2c442777a16408e614f", size = 312856, upload-time = "2025-02-28T01:23:46.011Z" },
    { url = "https://files.pythonhosted.org/packages/dc/62/2a871837c0bb6ab0c9a88bf54de0fc021a6a08832d4ea313ed92a669d437/bcrypt-4.3.0-cp39-abi3-musllinux_1_1_x86_64.whl", hash = "sha256:6fb1fd3ab08c0cbc6826a2e0447610c6f09e983a281b919ed721ad32236b8b23", size = 316726, upload-time = "2025-02-28T01:23:47.575Z" },
    { url = "https://files.pythonhosted.org/packages/0c/a1/9898ea3faac0b156d457fd73a3cb9c2855c6fd063e44b8522925cdd8ce46/bcrypt-4.3.0-cp39-abi3-musllinux_1_2_aarch64.whl", hash = "sha256:e965a9c1e9a393b8005031ff52583cedc15b7884fce7deb8b0346388837d6cfe", size = 343664, upload-time = "2025-02-28T01:23:49.059Z" },
    { url = "https://files.pythonhosted.org/packages/40/f2/71b4ed65ce38982ecdda0ff20c3ad1b15e71949c78b2c053df53629ce940/bcrypt-4.3.0-cp39-abi3-musllinux_1_2_x86_64.whl", hash = "sha256:79e70b8342a33b52b55d93b3a59223a844962bef479f6a0ea318ebbcadf71505", size = 363128, upload-time = "2025-02-28T01:23:50.399Z" },
    { url = "https://files.pythonhosted.org/packages/11/99/12f6a58eca6dea4be992d6c681b7ec9410a1d9f5cf368c61437e31daa879/bcrypt-4.3.0-cp39-abi3-win32.whl", hash = "sha256:b4d4e57f0a63fd0b358eb765063ff661328f69a04494427265950c71b992a39a", size = 160598, upload-time = "2025-02-28T01:23:51.775Z" },
    { url = "https://files.pythonhosted.org/packages/a9/cf/45fb5261ece3e6b9817d3d82b2f343a505fd58674a92577923bc500bd1aa/bcrypt-4.3.0-cp39-abi3-win_amd64.whl", hash = "sha256:e53e074b120f2877a35cc6c736b8eb161377caae8925c17688bd46ba56daaa5b", size = 152799, upload-time = "2025-02-28T01:23:53.139Z" },
]

[[package]]
name = "blinker"
version = "1.9.0"
source = { registry = "https://pypi.org/simple" }
sdist = { url = "https://files.pythonhosted.org/packages/21/28/9b3f50ce0e048515135495f198351908d99540d69bfdc8c1d15b73dc55ce/blinker-1.9.0.tar.gz", hash = "sha256:b4ce2265a7abece45e7cc896e98dbebe6cead56bcf805a3d23136d145f5445bf", size = 22460, upload-time = "2024-11-08T17:25:47.436Z" }
wheels = [
    { url = "https://files.pythonhosted.org/packages/10/cb/f2ad4230dc2eb1a74edf38f1a38b9b52277f75bef262d8908e60d957e13c/blinker-1.9.0-py3-none-any.whl", hash = "sha256:ba0efaa9080b619ff2f3459d1d500c57bddea4a6b424b60a91141db6fd2f08bc", size = 8458, upload-time = "2024-11-08T17:25:46.184Z" },
]

[[package]]
name = "cffi"
version = "1.17.1"
source = { registry = "https://pypi.org/simple" }
dependencies = [
    { name = "pycparser" },
]
sdist = { url = "https://files.pythonhosted.org/packages/fc/97/c783634659c2920c3fc70419e3af40972dbaf758daa229a7d6ea6135c90d/cffi-1.17.1.tar.gz", hash = "sha256:1c39c6016c32bc48dd54561950ebd6836e1670f2ae46128f67cf49e789c52824", size = 516621, upload-time = "2024-09-04T20:45:21.852Z" }
wheels = [
    { url = "https://files.pythonhosted.org/packages/8d/f8/dd6c246b148639254dad4d6803eb6a54e8c85c6e11ec9df2cffa87571dbe/cffi-1.17.1-cp313-cp313-macosx_10_13_x86_64.whl", hash = "sha256:f3a2b4222ce6b60e2e8b337bb9596923045681d71e5a082783484d845390938e", size = 182989, upload-time = "2024-09-04T20:44:28.956Z" },
    { url = "https://files.pythonhosted.org/packages/8b/f1/672d303ddf17c24fc83afd712316fda78dc6fce1cd53011b839483e1ecc8/cffi-1.17.1-cp313-cp313-macosx_11_0_arm64.whl", hash = "sha256:0984a4925a435b1da406122d4d7968dd861c1385afe3b45ba82b750f229811e2", size = 178802, upload-time = "2024-09-04T20:44:30.289Z" },
    { url = "https://files.pythonhosted.org/packages/0e/2d/eab2e858a91fdff70533cab61dcff4a1f55ec60425832ddfdc9cd36bc8af/cffi-1.17.1-cp313-cp313-manylinux_2_12_i686.manylinux2010_i686.manylinux_2_17_i686.manylinux2014_i686.whl", hash = "sha256:d01b12eeeb4427d3110de311e1774046ad344f5b1a7403101878976ecd7a10f3", size = 454792, upload-time = "2024-09-04T20:44:32.01Z" },
    { url = "https://files.pythonhosted.org/packages/75/b2/fbaec7c4455c604e29388d55599b99ebcc250a60050610fadde58932b7ee/cffi-1.17.1-cp313-cp313-manylinux_2_17_aarch64.manylinux2014_aarch64.whl", hash = "sha256:706510fe141c86a69c8ddc029c7910003a17353970cff3b904ff0686a5927683", size = 478893, upload-time = "2024-09-04T20:44:33.606Z" },
    { url = "https://files.pythonhosted.org/packages/4f/b7/6e4a2162178bf1935c336d4da8a9352cccab4d3a5d7914065490f08c0690/cffi-1.17.1-cp313-cp313-manylinux_2_17_ppc64le.manylinux2014_ppc64le.whl", hash = "sha256:de55b766c7aa2e2a3092c51e0483d700341182f08e67c63630d5b6f200bb28e5", size = 485810, upload-time = "2024-09-04T20:44:35.191Z" },
    { url = "https://files.pythonhosted.org/packages/c7/8a/1d0e4a9c26e54746dc08c2c6c037889124d4f59dffd853a659fa545f1b40/cffi-1.17.1-cp313-cp313-manylinux_2_17_s390x.manylinux2014_s390x.whl", hash = "sha256:c59d6e989d07460165cc5ad3c61f9fd8f1b4796eacbd81cee78957842b834af4", size = 471200, upload-time = "2024-09-04T20:44:36.743Z" },
    { url = "https://files.pythonhosted.org/packages/26/9f/1aab65a6c0db35f43c4d1b4f580e8df53914310afc10ae0397d29d697af4/cffi-1.17.1-cp313-cp313-manylinux_2_17_x86_64.manylinux2014_x86_64.whl", hash = "sha256:dd398dbc6773384a17fe0d3e7eeb8d1a21c2200473ee6806bb5e6a8e62bb73dd", size = 479447, upload-time = "2024-09-04T20:44:38.492Z" },
    { url = "https://files.pythonhosted.org/packages/5f/e4/fb8b3dd8dc0e98edf1135ff067ae070bb32ef9d509d6cb0f538cd6f7483f/cffi-1.17.1-cp313-cp313-musllinux_1_1_aarch64.whl", hash = "sha256:3edc8d958eb099c634dace3c7e16560ae474aa3803a5df240542b305d14e14ed", size = 484358, upload-time = "2024-09-04T20:44:40.046Z" },
    { url = "https://files.pythonhosted.org/packages/f1/47/d7145bf2dc04684935d57d67dff9d6d795b2ba2796806bb109864be3a151/cffi-1.17.1-cp313-cp313-musllinux_1_1_x86_64.whl", hash = "sha256:72e72408cad3d5419375fc87d289076ee319835bdfa2caad331e377589aebba9", size = 488469, upload-time = "2024-09-04T20:44:41.616Z" },
    { url = "https://files.pythonhosted.org/packages/bf/ee/f94057fa6426481d663b88637a9a10e859e492c73d0384514a17d78ee205/cffi-1.17.1-cp313-cp313-win32.whl", hash = "sha256:e03eab0a8677fa80d646b5ddece1cbeaf556c313dcfac435ba11f107ba117b5d", size = 172475, upload-time = "2024-09-04T20:44:43.733Z" },
    { url = "https://files.pythonhosted.org/packages/7c/fc/6a8cb64e5f0324877d503c854da15d76c1e50eb722e320b15345c4d0c6de/cffi-1.17.1-cp313-cp313-win_amd64.whl", hash = "sha256:f6a16c31041f09ead72d69f583767292f750d24913dadacf5756b966aacb3f1a", size = 182009, upload-time = "2024-09-04T20:44:45.309Z" },
]

[[package]]
name = "click"
version = "8.2.2"
source = { registry = "https://pypi.org/simple" }
dependencies = [
    { name = "colorama", marker = "sys_platform == 'win32'" },
]
sdist = { url = "https://files.pythonhosted.org/packages/e9/87/105111999772ec9730e3d4d910c723ea9763ece2ec441533a5cea1e87e3c/click-8.2.2.tar.gz", hash = "sha256:068616e6ef9705a07b6db727cb9c248f4eb9dae437a30239f56fa94b18b852ef", size = 263977, upload-time = "2025-08-02T02:23:41.102Z" }
wheels = [
    { url = "https://files.pythonhosted.org/packages/ec/85/e7297e34133ae1cfde3bffd30c24e1ef055248251baa877834e048687a28/click-8.2.2-py3-none-any.whl", hash = "sha256:52e1e9f5d3db8c85aa76968c7c67ed41ddbacb167f43201511c8fd61eb5ba2ca", size = 103900, upload-time = "2025-08-02T02:23:39.299Z" },
]

[[package]]
name = "colorama"
version = "0.4.6"
source = { registry = "https://pypi.org/simple" }
sdist = { url = "https://files.pythonhosted.org/packages/d8/53/6f443c9a4a8358a93a6792e2acffb9d9d5cb0a5cfd8802644b7b1c9a02e4/colorama-0.4.6.tar.gz", hash = "sha256:08695f5cb7ed6e0531a20572697297273c47b8cae5a63ffc6d6ed5c201be6e44", size = 27697, upload-time = "2022-10-25T02:36:22.414Z" }
wheels = [
    { url = "https://files.pythonhosted.org/packages/d1/d6/3965ed04c63042e047cb6a3e6ed1a63a35087b6a609aa3a15ed8ac56c221/colorama-0.4.6-py2.py3-none-any.whl", hash = "sha256:4f1d9991f5acc0ca119f9d443620b77f9d6b33703e51011c16baf57afb285fc6", size = 25335, upload-time = "2022-10-25T02:36:20.889Z" },
]

[[package]]
name = "crm-project"
version = "0.1.0"
source = { virtual = "." }
dependencies = [
    { name = "argon2-cffi" },
    { name = "bcrypt" },
    { name = "flask" },
    { name = "psycopg2" },
]

[package.metadata]
requires-dist = [
    { name = "argon2-cffi", specifier = ">=25.1.0" },
    { name = "bcrypt", specifier = ">=4.3.0" },
    { name = "flask", specifier = ">=3.1.1" },
    { name = "psycopg2", specifier = ">=2.9.10" },
]

[[package]]
name = "flask"
version = "3.1.1"
source = { registry = "https://pypi.org/simple" }
dependencies = [
    { name = "blinker" },
    { name = "click" },
    { name = "itsdangerous" },
    { name = "jinja2" },
    { name = "markupsafe" },
    { name = "werkzeug" },
]
sdist = { url = "https://files.pythonhosted.org/packages/c0/de/e47735752347f4128bcf354e0da07ef311a78244eba9e3dc1d4a5ab21a98/flask-3.1.1.tar.gz", hash = "sha256:284c7b8f2f58cb737f0cf1c30fd7eaf0ccfcde196099d24ecede3fc2005aa59e", size = 753440, upload-time = "2025-05-13T15:01:17.447Z" }
wheels = [
    { url = "https://files.pythonhosted.org/packages/3d/68/9d4508e893976286d2ead7f8f571314af6c2037af34853a30fd769c02e9d/flask-3.1.1-py3-none-any.whl", hash = "sha256:07aae2bb5eaf77993ef57e357491839f5fd9f4dc281593a81a9e4d79a24f295c", size = 103305, upload-time = "2025-05-13T15:01:15.591Z" },
]

[[package]]
name = "itsdangerous"
version = "2.2.0"
source = { registry = "https://pypi.org/simple" }
sdist = { url = "https://files.pythonhosted.org/packages/9c/cb/8ac0172223afbccb63986cc25049b154ecfb5e85932587206f42317be31d/itsdangerous-2.2.0.tar.gz", hash = "sha256:e0050c0b7da1eea53ffaf149c0cfbb5c6e2e2b69c4bef22c81fa6eb73e5f6173", size = 54410, upload-time = "2024-04-16T21:28:15.614Z" }
wheels = [
    { url = "https://files.pythonhosted.org/packages/04/96/92447566d16df59b2a776c0fb82dbc4d9e07cd95062562af01e408583fc4/itsdangerous-2.2.0-py3-none-any.whl", hash = "sha256:c6242fc49e35958c8b15141343aa660db5fc54d4f13a1db01a3f5891b98700ef", size = 16234, upload-time = "2024-04-16T21:28:14.499Z" },
]

[[package]]
name = "jinja2"
version = "3.1.6"
source = { registry = "https://pypi.org/simple" }
dependencies = [
    { name = "markupsafe" },
]
sdist = { url = "https://files.pythonhosted.org/packages/df/bf/f7da0350254c0ed7c72f3e33cef02e048281fec7ecec5f032d4aac52226b/jinja2-3.1.6.tar.gz", hash = "sha256:0137fb05990d35f1275a587e9aee6d56da821fc83491a0fb838183be43f66d6d", size = 245115, upload-time = "2025-03-05T20:05:02.478Z" }
wheels = [
    { url = "https://files.pythonhosted.org/packages/62/a1/3d680cbfd5f4b8f15abc1d571870c5fc3e594bb582bc3b64ea099db13e56/jinja2-3.1.6-py3-none-any.whl", hash = "sha256:85ece4451f492d0c13c5dd7c13a64681a86afae63a5f347908daf103ce6d2f67", size = 134899, upload-time = "2025-03-05T20:05:00.369Z" },
]

[[package]]
name = "markupsafe"
version = "3.0.2"
source = { registry = "https://pypi.org/simple" }
sdist = { url = "https://files.pythonhosted.org/packages/b2/97/5d42485e71dfc078108a86d6de8fa46db44a1a9295e89c5d6d4a06e23a62/markupsafe-3.0.2.tar.gz", hash = "sha256:ee55d3edf80167e48ea11a923c7386f4669df67d7994554387f84e7d8b0a2bf0", size = 20537, upload-time = "2024-10-18T15:21:54.129Z" }
wheels = [
    { url = "https://files.pythonhosted.org/packages/83/0e/67eb10a7ecc77a0c2bbe2b0235765b98d164d81600746914bebada795e97/MarkupSafe-3.0.2-cp313-cp313-macosx_10_13_universal2.whl", hash = "sha256:ba9527cdd4c926ed0760bc301f6728ef34d841f405abf9d4f959c478421e4efd", size = 14274, upload-time = "2024-10-18T15:21:24.577Z" },
    { url = "https://files.pythonhosted.org/packages/2b/6d/9409f3684d3335375d04e5f05744dfe7e9f120062c9857df4ab490a1031a/MarkupSafe-3.0.2-cp313-cp313-macosx_11_0_arm64.whl", hash = "sha256:f8b3d067f2e40fe93e1ccdd6b2e1d16c43140e76f02fb1319a05cf2b79d99430", size = 12352, upload-time = "2024-10-18T15:21:25.382Z" },
    { url = "https://files.pythonhosted.org/packages/d2/f5/6eadfcd3885ea85fe2a7c128315cc1bb7241e1987443d78c8fe712d03091/MarkupSafe-3.0.2-cp313-cp313-manylinux_2_17_aarch64.manylinux2014_aarch64.whl", hash = "sha256:569511d3b58c8791ab4c2e1285575265991e6d8f8700c7be0e88f86cb0672094", size = 24122, upload-time = "2024-10-18T15:21:26.199Z" },
    { url = "https://files.pythonhosted.org/packages/0c/91/96cf928db8236f1bfab6ce15ad070dfdd02ed88261c2afafd4b43575e9e9/MarkupSafe-3.0.2-cp313-cp313-manylinux_2_17_x86_64.manylinux2014_x86_64.whl", hash = "sha256:15ab75ef81add55874e7ab7055e9c397312385bd9ced94920f2802310c930396", size = 23085, upload-time = "2024-10-18T15:21:27.029Z" },
    { url = "https://files.pythonhosted.org/packages/c2/cf/c9d56af24d56ea04daae7ac0940232d31d5a8354f2b457c6d856b2057d69/MarkupSafe-3.0.2-cp313-cp313-manylinux_2_5_i686.manylinux1_i686.manylinux_2_17_i686.manylinux2014_i686.whl", hash = "sha256:f3818cb119498c0678015754eba762e0d61e5b52d34c8b13d770f0719f7b1d79", size = 22978, upload-time = "2024-10-18T15:21:27.846Z" },
    { url = "https://files.pythonhosted.org/packages/2a/9f/8619835cd6a711d6272d62abb78c033bda638fdc54c4e7f4272cf1c0962b/MarkupSafe-3.0.2-cp313-cp313-musllinux_1_2_aarch64.whl", hash = "sha256:cdb82a876c47801bb54a690c5ae105a46b392ac6099881cdfb9f6e95e4014c6a", size = 24208, upload-time = "2024-10-18T15:21:28.744Z" },
    { url = "https://files.pythonhosted.org/packages/f9/bf/176950a1792b2cd2102b8ffeb5133e1ed984547b75db47c25a67d3359f77/MarkupSafe-3.0.2-cp313-cp313-musllinux_1_2_i686.whl", hash = "sha256:cabc348d87e913db6ab4aa100f01b08f481097838bdddf7c7a84b7575b7309ca", size = 23357, upload-time = "2024-10-18T15:21:29.545Z" },
    { url = "https://files.pythonhosted.org/packages/ce/4f/9a02c1d335caabe5c4efb90e1b6e8ee944aa245c1aaaab8e8a618987d816/MarkupSafe-3.0.2-cp313-cp313-musllinux_1_2_x86_64.whl", hash = "sha256:444dcda765c8a838eaae23112db52f1efaf750daddb2d9ca300bcae1039adc5c", size = 23344, upload-time = "2024-10-18T15:21:30.366Z" },
    { url = "https://files.pythonhosted.org/packages/ee/55/c271b57db36f748f0e04a759ace9f8f759ccf22b4960c270c78a394f58be/MarkupSafe-3.0.2-cp313-cp313-win32.whl", hash = "sha256:bcf3e58998965654fdaff38e58584d8937aa3096ab5354d493c77d1fdd66d7a1", size = 15101, upload-time = "2024-10-18T15:21:31.207Z" },
    { url = "https://files.pythonhosted.org/packages/29/88/07df22d2dd4df40aba9f3e402e6dc1b8ee86297dddbad4872bd5e7b0094f/MarkupSafe-3.0.2-cp313-cp313-win_amd64.whl", hash = "sha256:e6a2a455bd412959b57a172ce6328d2dd1f01cb2135efda2e4576e8a23fa3b0f", size = 15603, upload-time = "2024-10-18T15:21:32.032Z" },
    { url = "https://files.pythonhosted.org/packages/62/6a/8b89d24db2d32d433dffcd6a8779159da109842434f1dd2f6e71f32f738c/MarkupSafe-3.0.2-cp313-cp313t-macosx_10_13_universal2.whl", hash = "sha256:b5a6b3ada725cea8a5e634536b1b01c30bcdcd7f9c6fff4151548d5bf6b3a36c", size = 14510, upload-time = "2024-10-18T15:21:33.625Z" },
    { url = "https://files.pythonhosted.org/packages/7a/06/a10f955f70a2e5a9bf78d11a161029d278eeacbd35ef806c3fd17b13060d/MarkupSafe-3.0.2-cp313-cp313t-macosx_11_0_arm64.whl", hash = "sha256:a904af0a6162c73e3edcb969eeeb53a63ceeb5d8cf642fade7d39e7963a22ddb", size = 12486, upload-time = "2024-10-18T15:21:34.611Z" },
    { url = "https://files.pythonhosted.org/packages/34/cf/65d4a571869a1a9078198ca28f39fba5fbb910f952f9dbc5220afff9f5e6/MarkupSafe-3.0.2-cp313-cp313t-manylinux_2_17_aarch64.manylinux2014_aarch64.whl", hash = "sha256:4aa4e5faecf353ed117801a068ebab7b7e09ffb6e1d5e412dc852e0da018126c", size = 25480, upload-time = "2024-10-18T15:21:35.398Z" },
    { url = "https://files.pythonhosted.org/packages/0c/e3/90e9651924c430b885468b56b3d597cabf6d72be4b24a0acd1fa0e12af67/MarkupSafe-3.0.2-cp313-cp313t-manylinux_2_17_x86_64.manylinux2014_x86_64.whl", hash = "sha256:c0ef13eaeee5b615fb07c9a7dadb38eac06a0608b41570d8ade51c56539e509d", size = 23914, upload-time = "2024-10-18T15:21:36.231Z" },
    { url = "https://files.pythonhosted.org/packages/66/8c/6c7cf61f95d63bb866db39085150df1f2a5bd3335298f14a66b48e92659c/MarkupSafe-3.0.2-cp313-cp313t-manylinux_2_5_i686.manylinux1_i686.manylinux_2_17_i686.manylinux2014_i686.whl", hash = "sha256:d16a81a06776313e817c951135cf7340a3e91e8c1ff2fac444cfd75fffa04afe", size = 23796, upload-time = "2024-10-18T15:21:37.073Z" },
    { url = "https://files.pythonhosted.org/packages/bb/35/cbe9238ec3f47ac9a7c8b3df7a808e7cb50fe149dc7039f5f454b3fba218/MarkupSafe-3.0.2-cp313-cp313t-musllinux_1_2_aarch64.whl", hash = "sha256:6381026f158fdb7c72a168278597a5e3a5222e83ea18f543112b2662a9b699c5", size = 25473, upload-time = "2024-10-18T15:21:37.932Z" },
    { url = "https://files.pythonhosted.org/packages/e6/32/7621a4382488aa283cc05e8984a9c219abad3bca087be9ec77e89939ded9/MarkupSafe-3.0.2-cp313-cp313t-musllinux_1_2_i686.whl", hash = "sha256:3d79d162e7be8f996986c064d1c7c817f6df3a77fe3d6859f6f9e7be4b8c213a", size = 24114, upload-time = "2024-10-18T15:21:39.799Z" },
    { url = "https://files.pythonhosted.org/packages/0d/80/0985960e4b89922cb5a0bac0ed39c5b96cbc1a536a99f30e8c220a996ed9/MarkupSafe-3.0.2-cp313-cp313t-musllinux_1_2_x86_64.whl", hash = "sha256:131a3c7689c85f5ad20f9f6fb1b866f402c445b220c19fe4308c0b147ccd2ad9", size = 24098, upload-time = "2024-10-18T15:21:40.813Z" },
    { url = "https://files.pythonhosted.org/packages/82/78/fedb03c7d5380df2427038ec8d973587e90561b2d90cd472ce9254cf348b/MarkupSafe-3.0.2-cp313-cp313t-win32.whl", hash = "sha256:ba8062ed2cf21c07a9e295d5b8a2a5ce678b913b45fdf68c32d95d6c1291e0b6", size = 15208, upload-time = "2024-10-18T15:21:41.814Z" },
    { url = "https://files.pythonhosted.org/packages/4f/65/6079a46068dfceaeabb5dcad6d674f5f5c61a6fa5673746f42a9f4c233b3/MarkupSafe-3.0.2-cp313-cp313t-win_amd64.whl", hash = "sha256:e444a31f8db13eb18ada366ab3cf45fd4b31e4db1236a4448f68778c1d1a5a2f", size = 15739, upload-time = "2024-10-18T15:21:42.784Z" },
]

[[package]]
name = "psycopg2"
version = "2.9.10"
source = { registry = "https://pypi.org/simple" }
sdist = { url = "https://files.pythonhosted.org/packages/62/51/2007ea29e605957a17ac6357115d0c1a1b60c8c984951c19419b3474cdfd/psycopg2-2.9.10.tar.gz", hash = "sha256:12ec0b40b0273f95296233e8750441339298e6a572f7039da5b260e3c8b60e11", size = 385672, upload-time = "2024-10-16T11:24:54.832Z" }
wheels = [
    { url = "https://files.pythonhosted.org/packages/ae/49/a6cfc94a9c483b1fa401fbcb23aca7892f60c7269c5ffa2ac408364f80dc/psycopg2-2.9.10-cp313-cp313-win_amd64.whl", hash = "sha256:91fd603a2155da8d0cfcdbf8ab24a2d54bca72795b90d2a3ed2b6da8d979dee2", size = 2569060, upload-time = "2025-01-04T20:09:15.28Z" },
]

[[package]]
name = "pycparser"
version = "2.22"
source = { registry = "https://pypi.org/simple" }
sdist = { url = "https://files.pythonhosted.org/packages/1d/b2/31537cf4b1ca988837256c910a668b553fceb8f069bedc4b1c826024b52c/pycparser-2.22.tar.gz", hash = "sha256:491c8be9c040f5390f5bf44a5b07752bd07f56edf992381b05c701439eec10f6", size = 172736, upload-time = "2024-03-30T13:22:22.564Z" }
wheels = [
    { url = "https://files.pythonhosted.org/packages/13/a3/a812df4e2dd5696d1f351d58b8fe16a405b234ad2886a0dab9183fb78109/pycparser-2.22-py3-none-any.whl", hash = "sha256:c3702b6d3dd8c7abc1afa565d7e63d53a1d0bd86cdc24edd75470f4de499cfcc", size = 117552, upload-time = "2024-03-30T13:22:20.476Z" },
]

[[package]]
name = "werkzeug"
version = "3.1.3"
source = { registry = "https://pypi.org/simple" }
dependencies = [
    { name = "markupsafe" },
]
sdist = { url = "https://files.pythonhosted.org/packages/9f/69/83029f1f6300c5fb2471d621ab06f6ec6b3324685a2ce0f9777fd4a8b71e/werkzeug-3.1.3.tar.gz", hash = "sha256:60723ce945c19328679790e3282cc758aa4a6040e4bb330f53d30fa546d44746", size = 806925, upload-time = "2024-11-08T15:52:18.093Z" }
wheels = [
    { url = "https://files.pythonhosted.org/packages/52/24/ab44c871b0f07f491e5d2ad12c9bd7358e527510618cb1b803a88e986db1/werkzeug-3.1.3-py3-none-any.whl", hash = "sha256:54b78bf3716d19a65be4fceccc0d1d7b89e608834989dfae50ea87564639213e", size = 224498, upload-time = "2024-11-08T15:52:16.132Z" },
]
